// !$*UTF8*$!
{
	archiveVersion = 1;
	classes = {
	};
	objectVersion = 50;
	objects = {

/* Begin PBXBuildFile section */
		EA14041421D00BFA006B61D8 /* Video.swift in Sources */ = {isa = PBXBuildFile; fileRef = EA14041321D00BFA006B61D8 /* Video.swift */; };
		EA14041621D00FB3006B61D8 /* UTTop10API.swift in Sources */ = {isa = PBXBuildFile; fileRef = EA14041521D00FB3006B61D8 /* UTTop10API.swift */; };
		EADA065A21CCFECF000799AD /* AppDelegate.swift in Sources */ = {isa = PBXBuildFile; fileRef = EADA065921CCFECF000799AD /* AppDelegate.swift */; };
		EADA065C21CCFECF000799AD /* MasterViewController.swift in Sources */ = {isa = PBXBuildFile; fileRef = EADA065B21CCFECF000799AD /* MasterViewController.swift */; };
		EADA065E21CCFECF000799AD /* DetailViewController.swift in Sources */ = {isa = PBXBuildFile; fileRef = EADA065D21CCFECF000799AD /* DetailViewController.swift */; };
		EADA066121CCFECF000799AD /* Main.storyboard in Resources */ = {isa = PBXBuildFile; fileRef = EADA065F21CCFECF000799AD /* Main.storyboard */; };
		EADA066321CCFED0000799AD /* Assets.xcassets in Resources */ = {isa = PBXBuildFile; fileRef = EADA066221CCFED0000799AD /* Assets.xcassets */; };
		EADA066621CCFED0000799AD /* LaunchScreen.storyboard in Resources */ = {isa = PBXBuildFile; fileRef = EADA066421CCFED0000799AD /* LaunchScreen.storyboard */; };
		EADA067121CCFED0000799AD /* Home_Work_1Tests.swift in Sources */ = {isa = PBXBuildFile; fileRef = EADA067021CCFED0000799AD /* Home_Work_1Tests.swift */; };
		EADA067C21CCFED0000799AD /* Home_Work_1UITests.swift in Sources */ = {isa = PBXBuildFile; fileRef = EADA067B21CCFED0000799AD /* Home_Work_1UITests.swift */; };
/* End PBXBuildFile section */

/* Begin PBXContainerItemProxy section */
		EADA066D21CCFED0000799AD /* PBXContainerItemProxy */ = {
			isa = PBXContainerItemProxy;
			containerPortal = EADA064E21CCFECF000799AD /* Project object */;
			proxyType = 1;
			remoteGlobalIDString = EADA065521CCFECF000799AD;
			remoteInfo = "Home Work 1";
		};
		EADA067821CCFED0000799AD /* PBXContainerItemProxy */ = {
			isa = PBXContainerItemProxy;
			containerPortal = EADA064E21CCFECF000799AD /* Project object */;
			proxyType = 1;
			remoteGlobalIDString = EADA065521CCFECF000799AD;
			remoteInfo = "Home Work 1";
		};
/* End PBXContainerItemProxy section */

/* Begin PBXFileReference section */
		EA14041321D00BFA006B61D8 /* Video.swift */ = {isa = PBXFileReference; lastKnownFileType = sourcecode.swift; path = Video.swift; sourceTree = "<group>"; };
		EA14041521D00FB3006B61D8 /* UTTop10API.swift */ = {isa = PBXFileReference; lastKnownFileType = sourcecode.swift; path = UTTop10API.swift; sourceTree = "<group>"; };
		EADA065621CCFECF000799AD /* Home Work 1.app */ = {isa = PBXFileReference; explicitFileType = wrapper.application; includeInIndex = 0; path = "Home Work 1.app"; sourceTree = BUILT_PRODUCTS_DIR; };
		EADA065921CCFECF000799AD /* AppDelegate.swift */ = {isa = PBXFileReference; lastKnownFileType = sourcecode.swift; path = AppDelegate.swift; sourceTree = "<group>"; };
		EADA065B21CCFECF000799AD /* MasterViewController.swift */ = {isa = PBXFileReference; lastKnownFileType = sourcecode.swift; path = MasterViewController.swift; sourceTree = "<group>"; };
		EADA065D21CCFECF000799AD /* DetailViewController.swift */ = {isa = PBXFileReference; lastKnownFileType = sourcecode.swift; path = DetailViewController.swift; sourceTree = "<group>"; };
		EADA066021CCFECF000799AD /* Base */ = {isa = PBXFileReference; lastKnownFileType = file.storyboard; name = Base; path = Base.lproj/Main.storyboard; sourceTree = "<group>"; };
		EADA066221CCFED0000799AD /* Assets.xcassets */ = {isa = PBXFileReference; lastKnownFileType = folder.assetcatalog; path = Assets.xcassets; sourceTree = "<group>"; };
		EADA066521CCFED0000799AD /* Base */ = {isa = PBXFileReference; lastKnownFileType = file.storyboard; name = Base; path = Base.lproj/LaunchScreen.storyboard; sourceTree = "<group>"; };
		EADA066721CCFED0000799AD /* Info.plist */ = {isa = PBXFileReference; lastKnownFileType = text.plist.xml; path = Info.plist; sourceTree = "<group>"; };
		EADA066C21CCFED0000799AD /* Home Work 1Tests.xctest */ = {isa = PBXFileReference; explicitFileType = wrapper.cfbundle; includeInIndex = 0; path = "Home Work 1Tests.xctest"; sourceTree = BUILT_PRODUCTS_DIR; };
		EADA067021CCFED0000799AD /* Home_Work_1Tests.swift */ = {isa = PBXFileReference; lastKnownFileType = sourcecode.swift; path = Home_Work_1Tests.swift; sourceTree = "<group>"; };
		EADA067221CCFED0000799AD /* Info.plist */ = {isa = PBXFileReference; lastKnownFileType = text.plist.xml; path = Info.plist; sourceTree = "<group>"; };
		EADA067721CCFED0000799AD /* Home Work 1UITests.xctest */ = {isa = PBXFileReference; explicitFileType = wrapper.cfbundle; includeInIndex = 0; path = "Home Work 1UITests.xctest"; sourceTree = BUILT_PRODUCTS_DIR; };
		EADA067B21CCFED0000799AD /* Home_Work_1UITests.swift */ = {isa = PBXFileReference; lastKnownFileType = sourcecode.swift; path = Home_Work_1UITests.swift; sourceTree = "<group>"; };
		EADA067D21CCFED0000799AD /* Info.plist */ = {isa = PBXFileReference; lastKnownFileType = text.plist.xml; path = Info.plist; sourceTree = "<group>"; };
/* End PBXFileReference section */

/* Begin PBXFrameworksBuildPhase section */
		EADA065321CCFECF000799AD /* Frameworks */ = {
			isa = PBXFrameworksBuildPhase;
			buildActionMask = 2147483647;
			files = (
			);
			runOnlyForDeploymentPostprocessing = 0;
		};
		EADA066921CCFED0000799AD /* Frameworks */ = {
			isa = PBXFrameworksBuildPhase;
			buildActionMask = 2147483647;
			files = (
			);
			runOnlyForDeploymentPostprocessing = 0;
		};
		EADA067421CCFED0000799AD /* Frameworks */ = {
			isa = PBXFrameworksBuildPhase;
			buildActionMask = 2147483647;
			files = (
			);
			runOnlyForDeploymentPostprocessing = 0;
		};
/* End PBXFrameworksBuildPhase section */

/* Begin PBXGroup section */
		EA14040F21D0027B006B61D8 /* Model */ = {
			isa = PBXGroup;
			children = (
				EA14041321D00BFA006B61D8 /* Video.swift */,
			);
			path = Model;
			sourceTree = "<group>";
		};
		EA14041021D00289006B61D8 /* Views */ = {
			isa = PBXGroup;
			children = (
				EADA066421CCFED0000799AD /* LaunchScreen.storyboard */,
				EADA065F21CCFECF000799AD /* Main.storyboard */,
			);
			path = Views;
			sourceTree = "<group>";
		};
		EA14041121D002BF006B61D8 /* Support */ = {
			isa = PBXGroup;
			children = (
				EA14041521D00FB3006B61D8 /* UTTop10API.swift */,
			);
			path = Support;
			sourceTree = "<group>";
		};
		EA14041221D00336006B61D8 /* Controllers */ = {
			isa = PBXGroup;
			children = (
				EADA065B21CCFECF000799AD /* MasterViewController.swift */,
				EADA065D21CCFECF000799AD /* DetailViewController.swift */,
			);
			path = Controllers;
			sourceTree = "<group>";
		};
		EADA064D21CCFECF000799AD = {
			isa = PBXGroup;
			children = (
				EADA065821CCFECF000799AD /* Home Work 1 */,
				EADA066F21CCFED0000799AD /* Home Work 1Tests */,
				EADA067A21CCFED0000799AD /* Home Work 1UITests */,
				EADA065721CCFECF000799AD /* Products */,
			);
			sourceTree = "<group>";
		};
		EADA065721CCFECF000799AD /* Products */ = {
			isa = PBXGroup;
			children = (
				EADA065621CCFECF000799AD /* Home Work 1.app */,
				EADA066C21CCFED0000799AD /* Home Work 1Tests.xctest */,
				EADA067721CCFED0000799AD /* Home Work 1UITests.xctest */,
			);
			name = Products;
			sourceTree = "<group>";
		};
		EADA065821CCFECF000799AD /* Home Work 1 */ = {
			isa = PBXGroup;
			children = (
				EA14041221D00336006B61D8 /* Controllers */,
				EA14041121D002BF006B61D8 /* Support */,
				EA14041021D00289006B61D8 /* Views */,
				EA14040F21D0027B006B61D8 /* Model */,
				EADA065921CCFECF000799AD /* AppDelegate.swift */,
				EADA066221CCFED0000799AD /* Assets.xcassets */,
				EADA066721CCFED0000799AD /* Info.plist */,
			);
			path = "Home Work 1";
			sourceTree = "<group>";
		};
		EADA066F21CCFED0000799AD /* Home Work 1Tests */ = {
			isa = PBXGroup;
			children = (
				EADA067021CCFED0000799AD /* Home_Work_1Tests.swift */,
				EADA067221CCFED0000799AD /* Info.plist */,
			);
			path = "Home Work 1Tests";
			sourceTree = "<group>";
		};
		EADA067A21CCFED0000799AD /* Home Work 1UITests */ = {
			isa = PBXGroup;
			children = (
				EADA067B21CCFED0000799AD /* Home_Work_1UITests.swift */,
				EADA067D21CCFED0000799AD /* Info.plist */,
			);
			path = "Home Work 1UITests";
			sourceTree = "<group>";
		};
/* End PBXGroup section */

/* Begin PBXNativeTarget section */
		EADA065521CCFECF000799AD /* Home Work 1 */ = {
			isa = PBXNativeTarget;
			buildConfigurationList = EADA068021CCFED0000799AD /* Build configuration list for PBXNativeTarget "Home Work 1" */;
			buildPhases = (
				EADA065221CCFECF000799AD /* Sources */,
				EADA065321CCFECF000799AD /* Frameworks */,
				EADA065421CCFECF000799AD /* Resources */,
			);
			buildRules = (
			);
			dependencies = (
			);
			name = "Home Work 1";
			productName = "Home Work 1";
			productReference = EADA065621CCFECF000799AD /* Home Work 1.app */;
			productType = "com.apple.product-type.application";
		};
		EADA066B21CCFED0000799AD /* Home Work 1Tests */ = {
			isa = PBXNativeTarget;
			buildConfigurationList = EADA068321CCFED0000799AD /* Build configuration list for PBXNativeTarget "Home Work 1Tests" */;
			buildPhases = (
				EADA066821CCFED0000799AD /* Sources */,
				EADA066921CCFED0000799AD /* Frameworks */,
				EADA066A21CCFED0000799AD /* Resources */,
			);
			buildRules = (
			);
			dependencies = (
				EADA066E21CCFED0000799AD /* PBXTargetDependency */,
			);
			name = "Home Work 1Tests";
			productName = "Home Work 1Tests";
			productReference = EADA066C21CCFED0000799AD /* Home Work 1Tests.xctest */;
			productType = "com.apple.product-type.bundle.unit-test";
		};
		EADA067621CCFED0000799AD /* Home Work 1UITests */ = {
			isa = PBXNativeTarget;
			buildConfigurationList = EADA068621CCFED0000799AD /* Build configuration list for PBXNativeTarget "Home Work 1UITests" */;
			buildPhases = (
				EADA067321CCFED0000799AD /* Sources */,
				EADA067421CCFED0000799AD /* Frameworks */,
				EADA067521CCFED0000799AD /* Resources */,
			);
			buildRules = (
			);
			dependencies = (
				EADA067921CCFED0000799AD /* PBXTargetDependency */,
			);
			name = "Home Work 1UITests";
			productName = "Home Work 1UITests";
			productReference = EADA067721CCFED0000799AD /* Home Work 1UITests.xctest */;
			productType = "com.apple.product-type.bundle.ui-testing";
		};
/* End PBXNativeTarget section */

/* Begin PBXProject section */
		EADA064E21CCFECF000799AD /* Project object */ = {
			isa = PBXProject;
			attributes = {
				LastSwiftUpdateCheck = 1010;
				LastUpgradeCheck = 1010;
				ORGANIZATIONNAME = "Anthony Becker";
				TargetAttributes = {
					EADA065521CCFECF000799AD = {
						CreatedOnToolsVersion = 10.1;
					};
					EADA066B21CCFED0000799AD = {
						CreatedOnToolsVersion = 10.1;
						TestTargetID = EADA065521CCFECF000799AD;
					};
					EADA067621CCFED0000799AD = {
						CreatedOnToolsVersion = 10.1;
						TestTargetID = EADA065521CCFECF000799AD;
					};
				};
			};
			buildConfigurationList = EADA065121CCFECF000799AD /* Build configuration list for PBXProject "Home Work 1" */;
			compatibilityVersion = "Xcode 9.3";
			developmentRegion = en;
			hasScannedForEncodings = 0;
			knownRegions = (
				en,
				Base,
			);
			mainGroup = EADA064D21CCFECF000799AD;
			productRefGroup = EADA065721CCFECF000799AD /* Products */;
			projectDirPath = "";
			projectRoot = "";
			targets = (
				EADA065521CCFECF000799AD /* Home Work 1 */,
				EADA066B21CCFED0000799AD /* Home Work 1Tests */,
				EADA067621CCFED0000799AD /* Home Work 1UITests */,
			);
		};
/* End PBXProject section */

/* Begin PBXResourcesBuildPhase section */
		EADA065421CCFECF000799AD /* Resources */ = {
			isa = PBXResourcesBuildPhase;
			buildActionMask = 2147483647;
			files = (
				EADA066621CCFED0000799AD /* LaunchScreen.storyboard in Resources */,
				EADA066321CCFED0000799AD /* Assets.xcassets in Resources */,
				EADA066121CCFECF000799AD /* Main.storyboard in Resources */,
			);
			runOnlyForDeploymentPostprocessing = 0;
		};
		EADA066A21CCFED0000799AD /* Resources */ = {
			isa = PBXResourcesBuildPhase;
			buildActionMask = 2147483647;
			files = (
			);
			runOnlyForDeploymentPostprocessing = 0;
		};
		EADA067521CCFED0000799AD /* Resources */ = {
			isa = PBXResourcesBuildPhase;
			buildActionMask = 2147483647;
			files = (
			);
			runOnlyForDeploymentPostprocessing = 0;
		};
/* End PBXResourcesBuildPhase section */

/* Begin PBXSourcesBuildPhase section */
		EADA065221CCFECF000799AD /* Sources */ = {
			isa = PBXSourcesBuildPhase;
			buildActionMask = 2147483647;
			files = (
				EA14041621D00FB3006B61D8 /* UTTop10API.swift in Sources */,
				EA14041421D00BFA006B61D8 /* Video.swift in Sources */,
				EADA065E21CCFECF000799AD /* DetailViewController.swift in Sources */,
				EADA065C21CCFECF000799AD /* MasterViewController.swift in Sources */,
				EADA065A21CCFECF000799AD /* AppDelegate.swift in Sources */,
			);
			runOnlyForDeploymentPostprocessing = 0;
		};
		EADA066821CCFED0000799AD /* Sources */ = {
			isa = PBXSourcesBuildPhase;
			buildActionMask = 2147483647;
			files = (
				EADA067121CCFED0000799AD /* Home_Work_1Tests.swift in Sources */,
			);
			runOnlyForDeploymentPostprocessing = 0;
		};
		EADA067321CCFED0000799AD /* Sources */ = {
			isa = PBXSourcesBuildPhase;
			buildActionMask = 2147483647;
			files = (
				EADA067C21CCFED0000799AD /* Home_Work_1UITests.swift in Sources */,
			);
			runOnlyForDeploymentPostprocessing = 0;
		};
/* End PBXSourcesBuildPhase section */

/* Begin PBXTargetDependency section */
		EADA066E21CCFED0000799AD /* PBXTargetDependency */ = {
			isa = PBXTargetDependency;
			target = EADA065521CCFECF000799AD /* Home Work 1 */;
			targetProxy = EADA066D21CCFED0000799AD /* PBXContainerItemProxy */;
		};
		EADA067921CCFED0000799AD /* PBXTargetDependency */ = {
			isa = PBXTargetDependency;
			target = EADA065521CCFECF000799AD /* Home Work 1 */;
			targetProxy = EADA067821CCFED0000799AD /* PBXContainerItemProxy */;
		};
/* End PBXTargetDependency section */

/* Begin PBXVariantGroup section */
		EADA065F21CCFECF000799AD /* Main.storyboard */ = {
			isa = PBXVariantGroup;
			children = (
				EADA066021CCFECF000799AD /* Base */,
			);
			name = Main.storyboard;
			sourceTree = "<group>";
		};
		EADA066421CCFED0000799AD /* LaunchScreen.storyboard */ = {
			isa = PBXVariantGroup;
			children = (
				EADA066521CCFED0000799AD /* Base */,
			);
			name = LaunchScreen.storyboard;
			sourceTree = "<group>";
		};
/* End PBXVariantGroup section */

/* Begin XCBuildConfiguration section */
		EADA067E21CCFED0000799AD /* Debug */ = {
			isa = XCBuildConfiguration;
			buildSettings = {
				ALWAYS_SEARCH_USER_PATHS = NO;
				CLANG_ANALYZER_NONNULL = YES;
				CLANG_ANALYZER_NUMBER_OBJECT_CONVERSION = YES_AGGRESSIVE;
				CLANG_CXX_LANGUAGE_STANDARD = "gnu++14";
				CLANG_CXX_LIBRARY = "libc++";
				CLANG_ENABLE_MODULES = YES;
				CLANG_ENABLE_OBJC_ARC = YES;
				CLANG_ENABLE_OBJC_WEAK = YES;
				CLANG_WARN_BLOCK_CAPTURE_AUTORELEASING = YES;
				CLANG_WARN_BOOL_CONVERSION = YES;
				CLANG_WARN_COMMA = YES;
				CLANG_WARN_CONSTANT_CONVERSION = YES;
				CLANG_WARN_DEPRECATED_OBJC_IMPLEMENTATIONS = YES;
				CLANG_WARN_DIRECT_OBJC_ISA_USAGE = YES_ERROR;
				CLANG_WARN_DOCUMENTATION_COMMENTS = YES;
				CLANG_WARN_EMPTY_BODY = YES;
				CLANG_WARN_ENUM_CONVERSION = YES;
				CLANG_WARN_INFINITE_RECURSION = YES;
				CLANG_WARN_INT_CONVERSION = YES;
				CLANG_WARN_NON_LITERAL_NULL_CONVERSION = YES;
				CLANG_WARN_OBJC_IMPLICIT_RETAIN_SELF = YES;
				CLANG_WARN_OBJC_LITERAL_CONVERSION = YES;
				CLANG_WARN_OBJC_ROOT_CLASS = YES_ERROR;
				CLANG_WARN_RANGE_LOOP_ANALYSIS = YES;
				CLANG_WARN_STRICT_PROTOTYPES = YES;
				CLANG_WARN_SUSPICIOUS_MOVE = YES;
				CLANG_WARN_UNGUARDED_AVAILABILITY = YES_AGGRESSIVE;
				CLANG_WARN_UNREACHABLE_CODE = YES;
				CLANG_WARN__DUPLICATE_METHOD_MATCH = YES;
				CODE_SIGN_IDENTITY = "iPhone Developer";
				COPY_PHASE_STRIP = NO;
				DEBUG_INFORMATION_FORMAT = dwarf;
				ENABLE_STRICT_OBJC_MSGSEND = YES;
				ENABLE_TESTABILITY = YES;
				GCC_C_LANGUAGE_STANDARD = gnu11;
				GCC_DYNAMIC_NO_PIC = NO;
				GCC_NO_COMMON_BLOCKS = YES;
				GCC_OPTIMIZATION_LEVEL = 0;
				GCC_PREPROCESSOR_DEFINITIONS = (
					"DEBUG=1",
					"$(inherited)",
				);
				GCC_WARN_64_TO_32_BIT_CONVERSION = YES;
				GCC_WARN_ABOUT_RETURN_TYPE = YES_ERROR;
				GCC_WARN_UNDECLARED_SELECTOR = YES;
				GCC_WARN_UNINITIALIZED_AUTOS = YES_AGGRESSIVE;
				GCC_WARN_UNUSED_FUNCTION = YES;
				GCC_WARN_UNUSED_VARIABLE = YES;
				IPHONEOS_DEPLOYMENT_TARGET = 12.1;
				MTL_ENABLE_DEBUG_INFO = INCLUDE_SOURCE;
				MTL_FAST_MATH = YES;
				ONLY_ACTIVE_ARCH = YES;
				SDKROOT = iphoneos;
				SWIFT_ACTIVE_COMPILATION_CONDITIONS = DEBUG;
				SWIFT_OPTIMIZATION_LEVEL = "-Onone";
			};
			name = Debug;
		};
		EADA067F21CCFED0000799AD /* Release */ = {
			isa = XCBuildConfiguration;
			buildSettings = {
				ALWAYS_SEARCH_USER_PATHS = NO;
				CLANG_ANALYZER_NONNULL = YES;
				CLANG_ANALYZER_NUMBER_OBJECT_CONVERSION = YES_AGGRESSIVE;
				CLANG_CXX_LANGUAGE_STANDARD = "gnu++14";
				CLANG_CXX_LIBRARY = "libc++";
				CLANG_ENABLE_MODULES = YES;
				CLANG_ENABLE_OBJC_ARC = YES;
				CLANG_ENABLE_OBJC_WEAK = YES;
				CLANG_WARN_BLOCK_CAPTURE_AUTORELEASING = YES;
				CLANG_WARN_BOOL_CONVERSION = YES;
				CLANG_WARN_COMMA = YES;
				CLANG_WARN_CONSTANT_CONVERSION = YES;
				CLANG_WARN_DEPRECATED_OBJC_IMPLEMENTATIONS = YES;
				CLANG_WARN_DIRECT_OBJC_ISA_USAGE = YES_ERROR;
				CLANG_WARN_DOCUMENTATION_COMMENTS = YES;
				CLANG_WARN_EMPTY_BODY = YES;
				CLANG_WARN_ENUM_CONVERSION = YES;
				CLANG_WARN_INFINITE_RECURSION = YES;
				CLANG_WARN_INT_CONVERSION = YES;
				CLANG_WARN_NON_LITERAL_NULL_CONVERSION = YES;
				CLANG_WARN_OBJC_IMPLICIT_RETAIN_SELF = YES;
				CLANG_WARN_OBJC_LITERAL_CONVERSION = YES;
				CLANG_WARN_OBJC_ROOT_CLASS = YES_ERROR;
				CLANG_WARN_RANGE_LOOP_ANALYSIS = YES;
				CLANG_WARN_STRICT_PROTOTYPES = YES;
				CLANG_WARN_SUSPICIOUS_MOVE = YES;
				CLANG_WARN_UNGUARDED_AVAILABILITY = YES_AGGRESSIVE;
				CLANG_WARN_UNREACHABLE_CODE = YES;
				CLANG_WARN__DUPLICATE_METHOD_MATCH = YES;
				CODE_SIGN_IDENTITY = "iPhone Developer";
				COPY_PHASE_STRIP = NO;
				DEBUG_INFORMATION_FORMAT = "dwarf-with-dsym";
				ENABLE_NS_ASSERTIONS = NO;
				ENABLE_STRICT_OBJC_MSGSEND = YES;
				GCC_C_LANGUAGE_STANDARD = gnu11;
				GCC_NO_COMMON_BLOCKS = YES;
				GCC_WARN_64_TO_32_BIT_CONVERSION = YES;
				GCC_WARN_ABOUT_RETURN_TYPE = YES_ERROR;
				GCC_WARN_UNDECLARED_SELECTOR = YES;
				GCC_WARN_UNINITIALIZED_AUTOS = YES_AGGRESSIVE;
				GCC_WARN_UNUSED_FUNCTION = YES;
				GCC_WARN_UNUSED_VARIABLE = YES;
				IPHONEOS_DEPLOYMENT_TARGET = 12.1;
				MTL_ENABLE_DEBUG_INFO = NO;
				MTL_FAST_MATH = YES;
				SDKROOT = iphoneos;
				SWIFT_COMPILATION_MODE = wholemodule;
				SWIFT_OPTIMIZATION_LEVEL = "-O";
				VALIDATE_PRODUCT = YES;
			};
			name = Release;
		};
		EADA068121CCFED0000799AD /* Debug */ = {
			isa = XCBuildConfiguration;
			buildSettings = {
				ASSETCATALOG_COMPILER_APPICON_NAME = AppIcon;
				CODE_SIGN_STYLE = Automatic;
				DEVELOPMENT_TEAM = WS723PX82Q;
				INFOPLIST_FILE = "Home Work 1/Info.plist";
				LD_RUNPATH_SEARCH_PATHS = (
					"$(inherited)",
					"@executable_path/Frameworks",
				);
				PRODUCT_BUNDLE_IDENTIFIER = "com.mcrsys.Home-Work-1";
				PRODUCT_NAME = "$(TARGET_NAME)";
				SWIFT_VERSION = 4.2;
				TARGETED_DEVICE_FAMILY = "1,2";
			};
			name = Debug;
		};
		EADA068221CCFED0000799AD /* Release */ = {
			isa = XCBuildConfiguration;
			buildSettings = {
				ASSETCATALOG_COMPILER_APPICON_NAME = AppIcon;
				CODE_SIGN_STYLE = Automatic;
				DEVELOPMENT_TEAM = WS723PX82Q;
				INFOPLIST_FILE = "Home Work 1/Info.plist";
				LD_RUNPATH_SEARCH_PATHS = (
					"$(inherited)",
					"@executable_path/Frameworks",
				);
				PRODUCT_BUNDLE_IDENTIFIER = "com.mcrsys.Home-Work-1";
				PRODUCT_NAME = "$(TARGET_NAME)";
				SWIFT_VERSION = 4.2;
				TARGETED_DEVICE_FAMILY = "1,2";
			};
			name = Release;
		};
		EADA068421CCFED0000799AD /* Debug */ = {
			isa = XCBuildConfiguration;
			buildSettings = {
				ALWAYS_EMBED_SWIFT_STANDARD_LIBRARIES = YES;
				BUNDLE_LOADER = "$(TEST_HOST)";
				CODE_SIGN_STYLE = Automatic;
				DEVELOPMENT_TEAM = WS723PX82Q;
				INFOPLIST_FILE = "Home Work 1Tests/Info.plist";
				LD_RUNPATH_SEARCH_PATHS = (
					"$(inherited)",
					"@executable_path/Frameworks",
					"@loader_path/Frameworks",
				);
				PRODUCT_BUNDLE_IDENTIFIER = "com.mcrsys.Home-Work-1Tests";
				PRODUCT_NAME = "$(TARGET_NAME)";
				SWIFT_VERSION = 4.2;
				TARGETED_DEVICE_FAMILY = "1,2";
				TEST_HOST = "$(BUILT_PRODUCTS_DIR)/Home Work 1.app/Home Work 1";
			};
			name = Debug;
		};
		EADA068521CCFED0000799AD /* Release */ = {
			isa = XCBuildConfiguration;
			buildSettings = {
				ALWAYS_EMBED_SWIFT_STANDARD_LIBRARIES = YES;
				BUNDLE_LOADER = "$(TEST_HOST)";
				CODE_SIGN_STYLE = Automatic;
				DEVELOPMENT_TEAM = WS723PX82Q;
				INFOPLIST_FILE = "Home Work 1Tests/Info.plist";
				LD_RUNPATH_SEARCH_PATHS = (
					"$(inherited)",
					"@executable_path/Frameworks",
					"@loader_path/Frameworks",
				);
				PRODUCT_BUNDLE_IDENTIFIER = "com.mcrsys.Home-Work-1Tests";
				PRODUCT_NAME = "$(TARGET_NAME)";
				SWIFT_VERSION = 4.2;
				TARGETED_DEVICE_FAMILY = "1,2";
				TEST_HOST = "$(BUILT_PRODUCTS_DIR)/Home Work 1.app/Home Work 1";
			};
			name = Release;
		};
		EADA068721CCFED0000799AD /* Debug */ = {
			isa = XCBuildConfiguration;
			buildSettings = {
				ALWAYS_EMBED_SWIFT_STANDARD_LIBRARIES = YES;
				CODE_SIGN_STYLE = Automatic;
				DEVELOPMENT_TEAM = WS723PX82Q;
				INFOPLIST_FILE = "Home Work 1UITests/Info.plist";
				LD_RUNPATH_SEARCH_PATHS = (
					"$(inherited)",
					"@executable_path/Frameworks",
					"@loader_path/Frameworks",
				);
				PRODUCT_BUNDLE_IDENTIFIER = "com.mcrsys.Home-Work-1UITests";
				PRODUCT_NAME = "$(TARGET_NAME)";
				SWIFT_VERSION = 4.2;
				TARGETED_DEVICE_FAMILY = "1,2";
				TEST_TARGET_NAME = "Home Work 1";
			};
			name = Debug;
		};
		EADA068821CCFED0000799AD /* Release */ = {
			isa = XCBuildConfiguration;
			buildSettings = {
				ALWAYS_EMBED_SWIFT_STANDARD_LIBRARIES = YES;
				CODE_SIGN_STYLE = Automatic;
				DEVELOPMENT_TEAM = WS723PX82Q;
				INFOPLIST_FILE = "Home Work 1UITests/Info.plist";
				LD_RUNPATH_SEARCH_PATHS = (
					"$(inherited)",
					"@executable_path/Frameworks",
					"@loader_path/Frameworks",
				);
				PRODUCT_BUNDLE_IDENTIFIER = "com.mcrsys.Home-Work-1UITests";
				PRODUCT_NAME = "$(TARGET_NAME)";
				SWIFT_VERSION = 4.2;
				TARGETED_DEVICE_FAMILY = "1,2";
				TEST_TARGET_NAME = "Home Work 1";
			};
			name = Release;
		};
/* End XCBuildConfiguration section */

/* Begin XCConfigurationList section */
		EADA065121CCFECF000799AD /* Build configuration list for PBXProject "Home Work 1" */ = {
			isa = XCConfigurationList;
			buildConfigurations = (
				EADA067E21CCFED0000799AD /* Debug */,
				EADA067F21CCFED0000799AD /* Release */,
			);
			defaultConfigurationIsVisible = 0;
			defaultConfigurationName = Release;
		};
		EADA068021CCFED0000799AD /* Build configuration list for PBXNativeTarget "Home Work 1" */ = {
			isa = XCConfigurationList;
			buildConfigurations = (
				EADA068121CCFED0000799AD /* Debug */,
				EADA068221CCFED0000799AD /* Release */,
			);
			defaultConfigurationIsVisible = 0;
			defaultConfigurationName = Release;
		};
		EADA068321CCFED0000799AD /* Build configuration list for PBXNativeTarget "Home Work 1Tests" */ = {
			isa = XCConfigurationList;
			buildConfigurations = (
				EADA068421CCFED0000799AD /* Debug */,
				EADA068521CCFED0000799AD /* Release */,
			);
			defaultConfigurationIsVisible = 0;
			defaultConfigurationName = Release;
		};
		EADA068621CCFED0000799AD /* Build configuration list for PBXNativeTarget "Home Work 1UITests" */ = {
			isa = XCConfigurationList;
			buildConfigurations = (
				EADA068721CCFED0000799AD /* Debug */,
				EADA068821CCFED0000799AD /* Release */,
			);
			defaultConfigurationIsVisible = 0;
			defaultConfigurationName = Release;
		};
/* End XCConfigurationList section */
	};
	rootObject = EADA064E21CCFECF000799AD /* Project object */;
}
